
Microsoft Visual Studio Solution File, Format Version 12.00
# Visual Studio Version 17
VisualStudioVersion = 17.0.32112.339
MinimumVisualStudioVersion = 10.0.40219.1
Project("{FAE04EC0-301F-11D3-BF4B-00C04F79EFBC}") = "New_LeetCode", "New_LeetCode\New_LeetCode.csproj", "{0BFD38B8-625E-42F2-B32C-A42579A2909B}"
EndProject
Global
	GlobalSection(SolutionConfigurationPlatforms) = preSolution
		Debug|Any CPU = Debug|Any CPU
		Release|Any CPU = Release|Any CPU
	EndGlobalSection
	GlobalSection(ProjectConfigurationPlatforms) = postSolution
		{0BFD38B8-625E-42F2-B32C-A42579A2909B}.Debug|Any CPU.ActiveCfg = Debug|Any CPU
		{0BFD38B8-625E-42F2-B32C-A42579A2909B}.Debug|Any CPU.Build.0 = Debug|Any CPU
		{0BFD38B8-625E-42F2-B32C-A42579A2909B}.Release|Any CPU.ActiveCfg = Release|Any CPU
		{0BFD38B8-625E-42F2-B32C-A42579A2909B}.Release|Any CPU.Build.0 = Release|Any CPU
	EndGlobalSection
	GlobalSection(SolutionProperties) = preSolution
		HideSolutionNode = FALSE
	EndGlobalSection
	GlobalSection(ExtensibilityGlobals) = postSolution
		SolutionGuid = {35F76CA0-8DFA-49DE-99A0-B63903169BC2}
	EndGlobalSection
EndGlobal
